
Microsoft Visual Studio Solution File, Format Version 12.00
# Visual Studio Version 17
VisualStudioVersion = 17.7.34221.43
MinimumVisualStudioVersion = 10.0.40219.1
Project("{FAE04EC0-301F-11D3-BF4B-00C04F79EFBC}") = "test", "test.csproj", "{6C3A1A27-0393-4711-8611-68F02A27B738}"
EndProject
Global
	GlobalSection(SolutionConfigurationPlatforms) = preSolution
		Debug|Any CPU = Debug|Any CPU
		Release|Any CPU = Release|Any CPU
	EndGlobalSection
	GlobalSection(ProjectConfigurationPlatforms) = postSolution
		{6C3A1A27-0393-4711-8611-68F02A27B738}.Debug|Any CPU.ActiveCfg = Debug|Any CPU
		{6C3A1A27-0393-4711-8611-68F02A27B738}.Debug|Any CPU.Build.0 = Debug|Any CPU
		{6C3A1A27-0393-4711-8611-68F02A27B738}.Release|Any CPU.ActiveCfg = Release|Any CPU
		{6C3A1A27-0393-4711-8611-68F02A27B738}.Release|Any CPU.Build.0 = Release|Any CPU
	EndGlobalSection
	GlobalSection(SolutionProperties) = preSolution
		HideSolutionNode = FALSE
	EndGlobalSection
	GlobalSection(ExtensibilityGlobals) = postSolution
		SolutionGuid = {1C970AEE-1D0F-40C4-A7EC-35CC5EF1E928}
	EndGlobalSection
EndGlobal
